
Microsoft Visual Studio Solution File, Format Version 12.00
# Visual Studio Version 17
VisualStudioVersion = 17.5.33627.172
MinimumVisualStudioVersion = 10.0.40219.1
Project("{FAE04EC0-301F-11D3-BF4B-00C04F79EFBC}") = "SealedKeyword", "SealedKeyword\SealedKeyword.csproj", "{C4BB5AD6-9BE7-4E9A-900D-2BA121069007}"
EndProject
Global
	GlobalSection(SolutionConfigurationPlatforms) = preSolution
		Debug|Any CPU = Debug|Any CPU
		Release|Any CPU = Release|Any CPU
	EndGlobalSection
	GlobalSection(ProjectConfigurationPlatforms) = postSolution
		{C4BB5AD6-9BE7-4E9A-900D-2BA121069007}.Debug|Any CPU.ActiveCfg = Debug|Any CPU
		{C4BB5AD6-9BE7-4E9A-900D-2BA121069007}.Debug|Any CPU.Build.0 = Debug|Any CPU
		{C4BB5AD6-9BE7-4E9A-900D-2BA121069007}.Release|Any CPU.ActiveCfg = Release|Any CPU
		{C4BB5AD6-9BE7-4E9A-900D-2BA121069007}.Release|Any CPU.Build.0 = Release|Any CPU
	EndGlobalSection
	GlobalSection(SolutionProperties) = preSolution
		HideSolutionNode = FALSE
	EndGlobalSection
	GlobalSection(ExtensibilityGlobals) = postSolution
		SolutionGuid = {FB5E9C96-F7FC-4D88-B143-F9930D500F2E}
	EndGlobalSection
EndGlobal
